
Microsoft Visual Studio Solution File, Format Version 12.00
# Visual Studio Version 17
VisualStudioVersion = 17.0.31912.275
MinimumVisualStudioVersion = 10.0.40219.1
Project("{9A19103F-16F7-4668-BE54-9A1E7A4F7556}") = "Databox.Contracts", "src\Databox.Contracts\Databox.Contracts.csproj", "{9D51D34D-3721-44CD-9234-9F69C15EA127}"
EndProject
Project("{9A19103F-16F7-4668-BE54-9A1E7A4F7556}") = "Databox", "src\Databox\Databox.csproj", "{38436175-0A16-46C2-BF49-D0773849B387}"
EndProject
Project("{2150E333-8FDC-42A3-9474-1A3956D46DE8}") = "Integrations", "Integrations", "{CC5E95D8-0E28-4AB9-9DC4-F74C7B03FCBF}"
EndProject
Project("{2150E333-8FDC-42A3-9474-1A3956D46DE8}") = "Host", "Host", "{E6434953-CAA4-41CA-969A-3A3D77D5D4FE}"
EndProject
Project("{9A19103F-16F7-4668-BE54-9A1E7A4F7556}") = "Integrations.Host", "host\Integrations.Host\Integrations.Host.csproj", "{C0E39EAF-4E16-4A89-BD65-0A51CB2AEAE9}"
EndProject
Project("{2150E333-8FDC-42A3-9474-1A3956D46DE8}") = "Twitter", "Twitter", "{2DD496B8-986E-41D1-B1DF-DF0CD3E9DF3F}"
EndProject
Project("{9A19103F-16F7-4668-BE54-9A1E7A4F7556}") = "Twitter", "src\Twitter\Twitter.csproj", "{BCA1D401-D336-4030-8782-A8B9AC75F217}"
EndProject
Project("{9A19103F-16F7-4668-BE54-9A1E7A4F7556}") = "Twitter.Contracts", "src\Twitter.Contracts\Twitter.Contracts.csproj", "{CAEC85D6-EF65-46FA-B985-CDF4BA22DCCA}"
EndProject
Project("{9A19103F-16F7-4668-BE54-9A1E7A4F7556}") = "Twitter.Tests", "test\Twitter.Tests\Twitter.Tests.csproj", "{FE031952-3180-4239-995C-0FA6B118FEBB}"
EndProject
Project("{2150E333-8FDC-42A3-9474-1A3956D46DE8}") = "Integrator", "Integrator", "{BE0E718D-C7B1-4153-ADE8-787C719C80BC}"
EndProject
Project("{9A19103F-16F7-4668-BE54-9A1E7A4F7556}") = "Databox.Integrator", "src\Databox.Integrator\Databox.Integrator.csproj", "{35A98289-43F7-4BD6-9D97-1348F2B535C7}"
EndProject
Project("{FAE04EC0-301F-11D3-BF4B-00C04F79EFBC}") = "Databox.Integrator.Contracts", "src\Databox.Integrator.Contracts\Databox.Integrator.Contracts.csproj", "{FF8409FD-B4D7-4CA1-8537-EBFA3AEF8A22}"
EndProject
Project("{2150E333-8FDC-42A3-9474-1A3956D46DE8}") = "Github", "Github", "{E83B9CF2-3806-42D3-8A9B-5A7E7FBCAB55}"
EndProject
Project("{FAE04EC0-301F-11D3-BF4B-00C04F79EFBC}") = "Github", "src\Github\Github.csproj", "{13B99676-A503-462A-B700-74768A5E7FAA}"
EndProject
Project("{FAE04EC0-301F-11D3-BF4B-00C04F79EFBC}") = "Github.Contracts", "src\Github.Contracts\Github.Contracts.csproj", "{6F34EDA2-88D0-460D-9A7B-E8D88BC1707B}"
EndProject
Project("{FAE04EC0-301F-11D3-BF4B-00C04F79EFBC}") = "Github.Tests", "test\Github.Tests\Github.Tests.csproj", "{23C6CC8C-99B0-48AB-B50B-9E036F1B0ADC}"
EndProject
Project("{FAE04EC0-301F-11D3-BF4B-00C04F79EFBC}") = "Databox.Tests", "test\Databox.Tests\Databox.Tests.csproj", "{00E83AC2-4567-45EA-815B-D0CC5A0218AA}"
EndProject
Project("{FAE04EC0-301F-11D3-BF4B-00C04F79EFBC}") = "Databox.Integrator.Tests", "test\Databox.Integrator.Tests\Databox.Integrator.Tests.csproj", "{247255BB-99F1-42AB-A3B5-CCC63692C7E5}"
EndProject
Project("{2150E333-8FDC-42A3-9474-1A3956D46DE8}") = "Databox", "Databox", "{EA90D2E1-B15E-448F-B32B-DF3C1B352E71}"
EndProject
Global
	GlobalSection(SolutionConfigurationPlatforms) = preSolution
		Debug|Any CPU = Debug|Any CPU
		Release|Any CPU = Release|Any CPU
	EndGlobalSection
	GlobalSection(ProjectConfigurationPlatforms) = postSolution
		{9D51D34D-3721-44CD-9234-9F69C15EA127}.Debug|Any CPU.ActiveCfg = Debug|Any CPU
		{9D51D34D-3721-44CD-9234-9F69C15EA127}.Debug|Any CPU.Build.0 = Debug|Any CPU
		{9D51D34D-3721-44CD-9234-9F69C15EA127}.Release|Any CPU.ActiveCfg = Release|Any CPU
		{9D51D34D-3721-44CD-9234-9F69C15EA127}.Release|Any CPU.Build.0 = Release|Any CPU
		{38436175-0A16-46C2-BF49-D0773849B387}.Debug|Any CPU.ActiveCfg = Debug|Any CPU
		{38436175-0A16-46C2-BF49-D0773849B387}.Debug|Any CPU.Build.0 = Debug|Any CPU
		{38436175-0A16-46C2-BF49-D0773849B387}.Release|Any CPU.ActiveCfg = Release|Any CPU
		{38436175-0A16-46C2-BF49-D0773849B387}.Release|Any CPU.Build.0 = Release|Any CPU
		{C0E39EAF-4E16-4A89-BD65-0A51CB2AEAE9}.Debug|Any CPU.ActiveCfg = Debug|Any CPU
		{C0E39EAF-4E16-4A89-BD65-0A51CB2AEAE9}.Debug|Any CPU.Build.0 = Debug|Any CPU
		{C0E39EAF-4E16-4A89-BD65-0A51CB2AEAE9}.Release|Any CPU.ActiveCfg = Release|Any CPU
		{C0E39EAF-4E16-4A89-BD65-0A51CB2AEAE9}.Release|Any CPU.Build.0 = Release|Any CPU
		{BCA1D401-D336-4030-8782-A8B9AC75F217}.Debug|Any CPU.ActiveCfg = Debug|Any CPU
		{BCA1D401-D336-4030-8782-A8B9AC75F217}.Debug|Any CPU.Build.0 = Debug|Any CPU
		{BCA1D401-D336-4030-8782-A8B9AC75F217}.Release|Any CPU.ActiveCfg = Release|Any CPU
		{BCA1D401-D336-4030-8782-A8B9AC75F217}.Release|Any CPU.Build.0 = Release|Any CPU
		{CAEC85D6-EF65-46FA-B985-CDF4BA22DCCA}.Debug|Any CPU.ActiveCfg = Debug|Any CPU
		{CAEC85D6-EF65-46FA-B985-CDF4BA22DCCA}.Debug|Any CPU.Build.0 = Debug|Any CPU
		{CAEC85D6-EF65-46FA-B985-CDF4BA22DCCA}.Release|Any CPU.ActiveCfg = Release|Any CPU
		{CAEC85D6-EF65-46FA-B985-CDF4BA22DCCA}.Release|Any CPU.Build.0 = Release|Any CPU
		{FE031952-3180-4239-995C-0FA6B118FEBB}.Debug|Any CPU.ActiveCfg = Debug|Any CPU
		{FE031952-3180-4239-995C-0FA6B118FEBB}.Debug|Any CPU.Build.0 = Debug|Any CPU
		{FE031952-3180-4239-995C-0FA6B118FEBB}.Release|Any CPU.ActiveCfg = Release|Any CPU
		{FE031952-3180-4239-995C-0FA6B118FEBB}.Release|Any CPU.Build.0 = Release|Any CPU
		{35A98289-43F7-4BD6-9D97-1348F2B535C7}.Debug|Any CPU.ActiveCfg = Debug|Any CPU
		{35A98289-43F7-4BD6-9D97-1348F2B535C7}.Debug|Any CPU.Build.0 = Debug|Any CPU
		{35A98289-43F7-4BD6-9D97-1348F2B535C7}.Release|Any CPU.ActiveCfg = Release|Any CPU
		{35A98289-43F7-4BD6-9D97-1348F2B535C7}.Release|Any CPU.Build.0 = Release|Any CPU
		{FF8409FD-B4D7-4CA1-8537-EBFA3AEF8A22}.Debug|Any CPU.ActiveCfg = Debug|Any CPU
		{FF8409FD-B4D7-4CA1-8537-EBFA3AEF8A22}.Debug|Any CPU.Build.0 = Debug|Any CPU
		{FF8409FD-B4D7-4CA1-8537-EBFA3AEF8A22}.Release|Any CPU.ActiveCfg = Release|Any CPU
		{FF8409FD-B4D7-4CA1-8537-EBFA3AEF8A22}.Release|Any CPU.Build.0 = Release|Any CPU
		{13B99676-A503-462A-B700-74768A5E7FAA}.Debug|Any CPU.ActiveCfg = Debug|Any CPU
		{13B99676-A503-462A-B700-74768A5E7FAA}.Debug|Any CPU.Build.0 = Debug|Any CPU
		{13B99676-A503-462A-B700-74768A5E7FAA}.Release|Any CPU.ActiveCfg = Release|Any CPU
		{13B99676-A503-462A-B700-74768A5E7FAA}.Release|Any CPU.Build.0 = Release|Any CPU
		{6F34EDA2-88D0-460D-9A7B-E8D88BC1707B}.Debug|Any CPU.ActiveCfg = Debug|Any CPU
		{6F34EDA2-88D0-460D-9A7B-E8D88BC1707B}.Debug|Any CPU.Build.0 = Debug|Any CPU
		{6F34EDA2-88D0-460D-9A7B-E8D88BC1707B}.Release|Any CPU.ActiveCfg = Release|Any CPU
		{6F34EDA2-88D0-460D-9A7B-E8D88BC1707B}.Release|Any CPU.Build.0 = Release|Any CPU
		{23C6CC8C-99B0-48AB-B50B-9E036F1B0ADC}.Debug|Any CPU.ActiveCfg = Debug|Any CPU
		{23C6CC8C-99B0-48AB-B50B-9E036F1B0ADC}.Debug|Any CPU.Build.0 = Debug|Any CPU
		{23C6CC8C-99B0-48AB-B50B-9E036F1B0ADC}.Release|Any CPU.ActiveCfg = Release|Any CPU
		{23C6CC8C-99B0-48AB-B50B-9E036F1B0ADC}.Release|Any CPU.Build.0 = Release|Any CPU
		{00E83AC2-4567-45EA-815B-D0CC5A0218AA}.Debug|Any CPU.ActiveCfg = Debug|Any CPU
		{00E83AC2-4567-45EA-815B-D0CC5A0218AA}.Debug|Any CPU.Build.0 = Debug|Any CPU
		{00E83AC2-4567-45EA-815B-D0CC5A0218AA}.Release|Any CPU.ActiveCfg = Release|Any CPU
		{00E83AC2-4567-45EA-815B-D0CC5A0218AA}.Release|Any CPU.Build.0 = Release|Any CPU
		{247255BB-99F1-42AB-A3B5-CCC63692C7E5}.Debug|Any CPU.ActiveCfg = Debug|Any CPU
		{247255BB-99F1-42AB-A3B5-CCC63692C7E5}.Debug|Any CPU.Build.0 = Debug|Any CPU
		{247255BB-99F1-42AB-A3B5-CCC63692C7E5}.Release|Any CPU.ActiveCfg = Release|Any CPU
		{247255BB-99F1-42AB-A3B5-CCC63692C7E5}.Release|Any CPU.Build.0 = Release|Any CPU
	EndGlobalSection
	GlobalSection(SolutionProperties) = preSolution
		HideSolutionNode = FALSE
	EndGlobalSection
	GlobalSection(NestedProjects) = preSolution
		{9D51D34D-3721-44CD-9234-9F69C15EA127} = {EA90D2E1-B15E-448F-B32B-DF3C1B352E71}
		{38436175-0A16-46C2-BF49-D0773849B387} = {EA90D2E1-B15E-448F-B32B-DF3C1B352E71}
		{C0E39EAF-4E16-4A89-BD65-0A51CB2AEAE9} = {E6434953-CAA4-41CA-969A-3A3D77D5D4FE}
		{2DD496B8-986E-41D1-B1DF-DF0CD3E9DF3F} = {CC5E95D8-0E28-4AB9-9DC4-F74C7B03FCBF}
		{BCA1D401-D336-4030-8782-A8B9AC75F217} = {2DD496B8-986E-41D1-B1DF-DF0CD3E9DF3F}
		{CAEC85D6-EF65-46FA-B985-CDF4BA22DCCA} = {2DD496B8-986E-41D1-B1DF-DF0CD3E9DF3F}
		{FE031952-3180-4239-995C-0FA6B118FEBB} = {2DD496B8-986E-41D1-B1DF-DF0CD3E9DF3F}
		{35A98289-43F7-4BD6-9D97-1348F2B535C7} = {BE0E718D-C7B1-4153-ADE8-787C719C80BC}
		{FF8409FD-B4D7-4CA1-8537-EBFA3AEF8A22} = {BE0E718D-C7B1-4153-ADE8-787C719C80BC}
		{E83B9CF2-3806-42D3-8A9B-5A7E7FBCAB55} = {CC5E95D8-0E28-4AB9-9DC4-F74C7B03FCBF}
		{13B99676-A503-462A-B700-74768A5E7FAA} = {E83B9CF2-3806-42D3-8A9B-5A7E7FBCAB55}
		{6F34EDA2-88D0-460D-9A7B-E8D88BC1707B} = {E83B9CF2-3806-42D3-8A9B-5A7E7FBCAB55}
		{23C6CC8C-99B0-48AB-B50B-9E036F1B0ADC} = {E83B9CF2-3806-42D3-8A9B-5A7E7FBCAB55}
		{00E83AC2-4567-45EA-815B-D0CC5A0218AA} = {EA90D2E1-B15E-448F-B32B-DF3C1B352E71}
		{247255BB-99F1-42AB-A3B5-CCC63692C7E5} = {BE0E718D-C7B1-4153-ADE8-787C719C80BC}
		{EA90D2E1-B15E-448F-B32B-DF3C1B352E71} = {CC5E95D8-0E28-4AB9-9DC4-F74C7B03FCBF}
	EndGlobalSection
	GlobalSection(ExtensibilityGlobals) = postSolution
		SolutionGuid = {0278361B-0CCD-4422-AFCE-2B35E5BFBE4D}
	EndGlobalSection
EndGlobal
